
Microsoft Visual Studio Solution File, Format Version 12.00
# Visual Studio Version 17
VisualStudioVersion = 17.8.34309.116
MinimumVisualStudioVersion = 10.0.40219.1
Project("{FAE04EC0-301F-11D3-BF4B-00C04F79EFBC}") = "CRUD", "CRUD\CRUD.csproj", "{4AF9F3A4-CBB4-4753-AAA6-CF3A8A7D00A0}"
EndProject
Global
	GlobalSection(SolutionConfigurationPlatforms) = preSolution
		Debug|Any CPU = Debug|Any CPU
		Release|Any CPU = Release|Any CPU
	EndGlobalSection
	GlobalSection(ProjectConfigurationPlatforms) = postSolution
		{4AF9F3A4-CBB4-4753-AAA6-CF3A8A7D00A0}.Debug|Any CPU.ActiveCfg = Debug|Any CPU
		{4AF9F3A4-CBB4-4753-AAA6-CF3A8A7D00A0}.Debug|Any CPU.Build.0 = Debug|Any CPU
		{4AF9F3A4-CBB4-4753-AAA6-CF3A8A7D00A0}.Release|Any CPU.ActiveCfg = Release|Any CPU
		{4AF9F3A4-CBB4-4753-AAA6-CF3A8A7D00A0}.Release|Any CPU.Build.0 = Release|Any CPU
	EndGlobalSection
	GlobalSection(SolutionProperties) = preSolution
		HideSolutionNode = FALSE
	EndGlobalSection
	GlobalSection(ExtensibilityGlobals) = postSolution
		SolutionGuid = {CE9B1AE3-1FDA-40EC-BCB9-8F2B4BF46845}
	EndGlobalSection
EndGlobal
